
Microsoft Visual Studio Solution File, Format Version 12.00
# Visual Studio 15
VisualStudioVersion = 15.0.28307.852
MinimumVisualStudioVersion = 10.0.40219.1
Project("{888888A0-9F3D-457C-B088-3A5042F75D52}") = "Uke43_1", "Uke43_1\Uke43_1.pyproj", "{E44E456A-2A81-4874-B3DF-AF12911974F7}"
EndProject
Global
	GlobalSection(SolutionConfigurationPlatforms) = preSolution
		Debug|Any CPU = Debug|Any CPU
		Release|Any CPU = Release|Any CPU
	EndGlobalSection
	GlobalSection(ProjectConfigurationPlatforms) = postSolution
		{E44E456A-2A81-4874-B3DF-AF12911974F7}.Debug|Any CPU.ActiveCfg = Debug|Any CPU
		{E44E456A-2A81-4874-B3DF-AF12911974F7}.Release|Any CPU.ActiveCfg = Release|Any CPU
	EndGlobalSection
	GlobalSection(SolutionProperties) = preSolution
		HideSolutionNode = FALSE
	EndGlobalSection
	GlobalSection(ExtensibilityGlobals) = postSolution
		SolutionGuid = {532B593F-6585-4F18-A0DC-18083FCDE450}
	EndGlobalSection
EndGlobal
